
Microsoft Visual Studio Solution File, Format Version 12.00
# Visual Studio Version 17
VisualStudioVersion = 17.3.32922.545
MinimumVisualStudioVersion = 10.0.40219.1
Project("{FAE04EC0-301F-11D3-BF4B-00C04F79EFBC}") = "PX.Approval.API", "PX.Approval.API\PX.Approval.API.csproj", "{A558A14D-723A-4CBB-AA47-5B17CD3B314D}"
EndProject
Project("{FAE04EC0-301F-11D3-BF4B-00C04F79EFBC}") = "PX.Approval.Application", "PX.Approval.Application\PX.Approval.Application.csproj", "{7E27301B-21C5-4EE7-8A95-CFB36858FCFD}"
EndProject
Project("{FAE04EC0-301F-11D3-BF4B-00C04F79EFBC}") = "PX.Approval.Domain", "PX.Approval.Domain\PX.Approval.Domain.csproj", "{F5ECF2C5-C470-4026-89C5-A383DE444AD9}"
EndProject
Project("{FAE04EC0-301F-11D3-BF4B-00C04F79EFBC}") = "PX.Approval.Crosscutting", "PX.Approval.Crosscutting\PX.Approval.Crosscutting.csproj", "{ED75714A-FBB1-42E4-9EF6-4036D12E0EBC}"
EndProject
Project("{2150E333-8FDC-42A3-9474-1A3956D46DE8}") = "Application", "Application", "{B67015FC-1D12-4184-AE0A-7D4C38268AB6}"
EndProject
Project("{2150E333-8FDC-42A3-9474-1A3956D46DE8}") = "Infrastructure", "Infrastructure", "{3A59312F-B391-4F13-A955-F9B4BD504849}"
EndProject
Project("{2150E333-8FDC-42A3-9474-1A3956D46DE8}") = "Domain", "Domain", "{F3321A14-0E23-44B2-8FE6-609FC777C8D8}"
EndProject
Project("{2150E333-8FDC-42A3-9474-1A3956D46DE8}") = "Tests", "Tests", "{4B712AEB-1A9C-4678-9A85-5756575565D0}"
EndProject
Project("{FAE04EC0-301F-11D3-BF4B-00C04F79EFBC}") = "PX.Approval.UnityTests", "PX.Approval.UnityTests\PX.Approval.UnityTests.csproj", "{AC4D845D-D6A2-4EF5-B8CC-9617BB7A69DB}"
EndProject
Project("{FAE04EC0-301F-11D3-BF4B-00C04F79EFBC}") = "PX.Approval.TestHelpers", "PX.Approval.TestHelpers\PX.Approval.TestHelpers.csproj", "{EB565B2B-DFF2-4264-BE45-78A314DFF1E6}"
EndProject
Project("{9A19103F-16F7-4668-BE54-9A1E7A4F7556}") = "PX.Approval.Infrastructure", "PX.Approval.Infrastructure\PX.Approval.Infrastructure.csproj", "{92DC0F6A-A2D6-4117-969D-BD9B83D2F917}"
EndProject
Global
	GlobalSection(SolutionConfigurationPlatforms) = preSolution
		Debug|Any CPU = Debug|Any CPU
		Release|Any CPU = Release|Any CPU
	EndGlobalSection
	GlobalSection(ProjectConfigurationPlatforms) = postSolution
		{A558A14D-723A-4CBB-AA47-5B17CD3B314D}.Debug|Any CPU.ActiveCfg = Debug|Any CPU
		{A558A14D-723A-4CBB-AA47-5B17CD3B314D}.Debug|Any CPU.Build.0 = Debug|Any CPU
		{A558A14D-723A-4CBB-AA47-5B17CD3B314D}.Release|Any CPU.ActiveCfg = Release|Any CPU
		{A558A14D-723A-4CBB-AA47-5B17CD3B314D}.Release|Any CPU.Build.0 = Release|Any CPU
		{7E27301B-21C5-4EE7-8A95-CFB36858FCFD}.Debug|Any CPU.ActiveCfg = Debug|Any CPU
		{7E27301B-21C5-4EE7-8A95-CFB36858FCFD}.Debug|Any CPU.Build.0 = Debug|Any CPU
		{7E27301B-21C5-4EE7-8A95-CFB36858FCFD}.Release|Any CPU.ActiveCfg = Release|Any CPU
		{7E27301B-21C5-4EE7-8A95-CFB36858FCFD}.Release|Any CPU.Build.0 = Release|Any CPU
		{F5ECF2C5-C470-4026-89C5-A383DE444AD9}.Debug|Any CPU.ActiveCfg = Debug|Any CPU
		{F5ECF2C5-C470-4026-89C5-A383DE444AD9}.Debug|Any CPU.Build.0 = Debug|Any CPU
		{F5ECF2C5-C470-4026-89C5-A383DE444AD9}.Release|Any CPU.ActiveCfg = Release|Any CPU
		{F5ECF2C5-C470-4026-89C5-A383DE444AD9}.Release|Any CPU.Build.0 = Release|Any CPU
		{ED75714A-FBB1-42E4-9EF6-4036D12E0EBC}.Debug|Any CPU.ActiveCfg = Debug|Any CPU
		{ED75714A-FBB1-42E4-9EF6-4036D12E0EBC}.Debug|Any CPU.Build.0 = Debug|Any CPU
		{ED75714A-FBB1-42E4-9EF6-4036D12E0EBC}.Release|Any CPU.ActiveCfg = Release|Any CPU
		{ED75714A-FBB1-42E4-9EF6-4036D12E0EBC}.Release|Any CPU.Build.0 = Release|Any CPU
		{AC4D845D-D6A2-4EF5-B8CC-9617BB7A69DB}.Debug|Any CPU.ActiveCfg = Debug|Any CPU
		{AC4D845D-D6A2-4EF5-B8CC-9617BB7A69DB}.Debug|Any CPU.Build.0 = Debug|Any CPU
		{AC4D845D-D6A2-4EF5-B8CC-9617BB7A69DB}.Release|Any CPU.ActiveCfg = Release|Any CPU
		{AC4D845D-D6A2-4EF5-B8CC-9617BB7A69DB}.Release|Any CPU.Build.0 = Release|Any CPU
		{EB565B2B-DFF2-4264-BE45-78A314DFF1E6}.Debug|Any CPU.ActiveCfg = Debug|Any CPU
		{EB565B2B-DFF2-4264-BE45-78A314DFF1E6}.Debug|Any CPU.Build.0 = Debug|Any CPU
		{EB565B2B-DFF2-4264-BE45-78A314DFF1E6}.Release|Any CPU.ActiveCfg = Release|Any CPU
		{EB565B2B-DFF2-4264-BE45-78A314DFF1E6}.Release|Any CPU.Build.0 = Release|Any CPU
		{92DC0F6A-A2D6-4117-969D-BD9B83D2F917}.Debug|Any CPU.ActiveCfg = Debug|Any CPU
		{92DC0F6A-A2D6-4117-969D-BD9B83D2F917}.Debug|Any CPU.Build.0 = Debug|Any CPU
		{92DC0F6A-A2D6-4117-969D-BD9B83D2F917}.Release|Any CPU.ActiveCfg = Release|Any CPU
		{92DC0F6A-A2D6-4117-969D-BD9B83D2F917}.Release|Any CPU.Build.0 = Release|Any CPU
	EndGlobalSection
	GlobalSection(SolutionProperties) = preSolution
		HideSolutionNode = FALSE
	EndGlobalSection
	GlobalSection(NestedProjects) = preSolution
		{A558A14D-723A-4CBB-AA47-5B17CD3B314D} = {B67015FC-1D12-4184-AE0A-7D4C38268AB6}
		{7E27301B-21C5-4EE7-8A95-CFB36858FCFD} = {B67015FC-1D12-4184-AE0A-7D4C38268AB6}
		{F5ECF2C5-C470-4026-89C5-A383DE444AD9} = {F3321A14-0E23-44B2-8FE6-609FC777C8D8}
		{ED75714A-FBB1-42E4-9EF6-4036D12E0EBC} = {3A59312F-B391-4F13-A955-F9B4BD504849}
		{AC4D845D-D6A2-4EF5-B8CC-9617BB7A69DB} = {4B712AEB-1A9C-4678-9A85-5756575565D0}
		{EB565B2B-DFF2-4264-BE45-78A314DFF1E6} = {4B712AEB-1A9C-4678-9A85-5756575565D0}
		{92DC0F6A-A2D6-4117-969D-BD9B83D2F917} = {3A59312F-B391-4F13-A955-F9B4BD504849}
	EndGlobalSection
	GlobalSection(ExtensibilityGlobals) = postSolution
		SolutionGuid = {2F095D4C-EC97-46C3-8418-BC5C6B1167CD}
	EndGlobalSection
EndGlobal
